
Microsoft Visual Studio Solution File, Format Version 12.00
Project("{FAE04EC0-301F-11D3-BF4B-00C04F79EFBC}") = "AlgorythmsPracticeGraph", "AlgorythmsPracticeGraph\AlgorythmsPracticeGraph.csproj", "{151C1A19-EF4B-4A59-9DD0-3AC35D5024D0}"
EndProject
Global
	GlobalSection(SolutionConfigurationPlatforms) = preSolution
		Debug|Any CPU = Debug|Any CPU
		Release|Any CPU = Release|Any CPU
	EndGlobalSection
	GlobalSection(ProjectConfigurationPlatforms) = postSolution
		{151C1A19-EF4B-4A59-9DD0-3AC35D5024D0}.Debug|Any CPU.ActiveCfg = Debug|Any CPU
		{151C1A19-EF4B-4A59-9DD0-3AC35D5024D0}.Debug|Any CPU.Build.0 = Debug|Any CPU
		{151C1A19-EF4B-4A59-9DD0-3AC35D5024D0}.Release|Any CPU.ActiveCfg = Release|Any CPU
		{151C1A19-EF4B-4A59-9DD0-3AC35D5024D0}.Release|Any CPU.Build.0 = Release|Any CPU
	EndGlobalSection
EndGlobal
